
Microsoft Visual Studio Solution File, Format Version 12.00
# Visual Studio 14
VisualStudioVersion = 14.0.23107.0
MinimumVisualStudioVersion = 10.0.40219.1
Project("{FAE04EC0-301F-11D3-BF4B-00C04F79EFBC}") = "Nyan.Core", "Core\Nyan.Core.csproj", "{5F53AB9E-FDDA-4A45-B0BE-D1FCE1916FDE}"
EndProject
Project("{FAE04EC0-301F-11D3-BF4B-00C04F79EFBC}") = "Nyan.Portable", "Portable\Nyan.Portable.csproj", "{7DFE0172-5732-4B96-AEEA-95CBCCD04600}"
EndProject
Project("{FAE04EC0-301F-11D3-BF4B-00C04F79EFBC}") = "Console", "Samples\Console\Console.csproj", "{2D2FEAF5-588F-4914-A767-1886633EFDCD}"
EndProject
Project("{2150E333-8FDC-42A3-9474-1A3956D46DE8}") = "Samples", "Samples", "{0CA1E54C-62A0-44E4-88BE-89519A580F3A}"
EndProject
Project("{FAE04EC0-301F-11D3-BF4B-00C04F79EFBC}") = "Nyan.WebSample", "Nyan.WebSample\Nyan.WebSample.csproj", "{3F7B2BA2-3711-4990-9F28-4F7627919E27}"
EndProject
Project("{FAE04EC0-301F-11D3-BF4B-00C04F79EFBC}") = "Nyan.Tests", "Nyan.Tests\Nyan.Tests.csproj", "{BC7FC26F-F702-4395-AD4C-9C31FD99F1DD}"
EndProject
Global
	GlobalSection(SolutionConfigurationPlatforms) = preSolution
		Debug|Any CPU = Debug|Any CPU
		Release|Any CPU = Release|Any CPU
	EndGlobalSection
	GlobalSection(ProjectConfigurationPlatforms) = postSolution
		{5F53AB9E-FDDA-4A45-B0BE-D1FCE1916FDE}.Debug|Any CPU.ActiveCfg = Debug|Any CPU
		{5F53AB9E-FDDA-4A45-B0BE-D1FCE1916FDE}.Debug|Any CPU.Build.0 = Debug|Any CPU
		{5F53AB9E-FDDA-4A45-B0BE-D1FCE1916FDE}.Release|Any CPU.ActiveCfg = Release|Any CPU
		{5F53AB9E-FDDA-4A45-B0BE-D1FCE1916FDE}.Release|Any CPU.Build.0 = Release|Any CPU
		{7DFE0172-5732-4B96-AEEA-95CBCCD04600}.Debug|Any CPU.ActiveCfg = Debug|Any CPU
		{7DFE0172-5732-4B96-AEEA-95CBCCD04600}.Debug|Any CPU.Build.0 = Debug|Any CPU
		{7DFE0172-5732-4B96-AEEA-95CBCCD04600}.Release|Any CPU.ActiveCfg = Release|Any CPU
		{7DFE0172-5732-4B96-AEEA-95CBCCD04600}.Release|Any CPU.Build.0 = Release|Any CPU
		{2D2FEAF5-588F-4914-A767-1886633EFDCD}.Debug|Any CPU.ActiveCfg = Debug|Any CPU
		{2D2FEAF5-588F-4914-A767-1886633EFDCD}.Debug|Any CPU.Build.0 = Debug|Any CPU
		{2D2FEAF5-588F-4914-A767-1886633EFDCD}.Release|Any CPU.ActiveCfg = Release|Any CPU
		{2D2FEAF5-588F-4914-A767-1886633EFDCD}.Release|Any CPU.Build.0 = Release|Any CPU
		{3F7B2BA2-3711-4990-9F28-4F7627919E27}.Debug|Any CPU.ActiveCfg = Debug|Any CPU
		{3F7B2BA2-3711-4990-9F28-4F7627919E27}.Debug|Any CPU.Build.0 = Debug|Any CPU
		{3F7B2BA2-3711-4990-9F28-4F7627919E27}.Release|Any CPU.ActiveCfg = Release|Any CPU
		{3F7B2BA2-3711-4990-9F28-4F7627919E27}.Release|Any CPU.Build.0 = Release|Any CPU
		{BC7FC26F-F702-4395-AD4C-9C31FD99F1DD}.Debug|Any CPU.ActiveCfg = Debug|Any CPU
		{BC7FC26F-F702-4395-AD4C-9C31FD99F1DD}.Debug|Any CPU.Build.0 = Debug|Any CPU
		{BC7FC26F-F702-4395-AD4C-9C31FD99F1DD}.Release|Any CPU.ActiveCfg = Release|Any CPU
		{BC7FC26F-F702-4395-AD4C-9C31FD99F1DD}.Release|Any CPU.Build.0 = Release|Any CPU
	EndGlobalSection
	GlobalSection(SolutionProperties) = preSolution
		HideSolutionNode = FALSE
	EndGlobalSection
	GlobalSection(NestedProjects) = preSolution
		{2D2FEAF5-588F-4914-A767-1886633EFDCD} = {0CA1E54C-62A0-44E4-88BE-89519A580F3A}
		{3F7B2BA2-3711-4990-9F28-4F7627919E27} = {0CA1E54C-62A0-44E4-88BE-89519A580F3A}
	EndGlobalSection
EndGlobal
