
Microsoft Visual Studio Solution File, Format Version 12.00
# Visual Studio 14
VisualStudioVersion = 14.0.23107.0
MinimumVisualStudioVersion = 10.0.40219.1
Project("{FAE04EC0-301F-11D3-BF4B-00C04F79EFBC}") = "Nyan.Core", "Core\Nyan.Core.csproj", "{5F53AB9E-FDDA-4A45-B0BE-D1FCE1916FDE}"
EndProject
Project("{FAE04EC0-301F-11D3-BF4B-00C04F79EFBC}") = "Nyan.Portable", "Portable\Nyan.Portable.csproj", "{7DFE0172-5732-4B96-AEEA-95CBCCD04600}"
EndProject
Project("{FAE04EC0-301F-11D3-BF4B-00C04F79EFBC}") = "Nyan.Samples.Console", "Samples\Console\Nyan.Samples.Console.csproj", "{2D2FEAF5-588F-4914-A767-1886633EFDCD}"
EndProject
Project("{2150E333-8FDC-42A3-9474-1A3956D46DE8}") = "Samples", "Samples", "{0CA1E54C-62A0-44E4-88BE-89519A580F3A}"
EndProject
Project("{FAE04EC0-301F-11D3-BF4B-00C04F79EFBC}") = "Nyan.Samples.MVC", "Samples\Web.MVC\Nyan.Samples.MVC.csproj", "{3F7B2BA2-3711-4990-9F28-4F7627919E27}"
EndProject
Project("{2150E333-8FDC-42A3-9474-1A3956D46DE8}") = "Modules", "Modules", "{690BA7EB-47A5-4F40-8109-3A39F8F34457}"
EndProject
Project("{2150E333-8FDC-42A3-9474-1A3956D46DE8}") = "Cache", "Cache", "{2E6353C0-15AF-4E35-BFAA-2E8F426406BA}"
EndProject
Project("{2150E333-8FDC-42A3-9474-1A3956D46DE8}") = "Data", "Data", "{DB0EFF75-9EB0-49FB-B069-462C3F90DD98}"
EndProject
Project("{2150E333-8FDC-42A3-9474-1A3956D46DE8}") = "Encryption", "Encryption", "{A4C34393-05E7-40BF-9ABA-CD945DD55B98}"
EndProject
Project("{2150E333-8FDC-42A3-9474-1A3956D46DE8}") = "Log", "Log", "{57664FA0-4425-4602-96F3-8C6920105994}"
EndProject
Project("{FAE04EC0-301F-11D3-BF4B-00C04F79EFBC}") = "Nyan.Modules.Data.MySql", "Modules\Data\MySQL\Nyan.Modules.Data.MySql.csproj", "{F51739FE-C8A8-4328-B265-1D975D6950FE}"
EndProject
Project("{FAE04EC0-301F-11D3-BF4B-00C04F79EFBC}") = "Nyan.Modules.Data.Oracle", "Modules\Data\Oracle\Nyan.Modules.Data.Oracle.csproj", "{FCA50A08-D3E6-4BCB-8FED-7F879108D65D}"
EndProject
Project("{FAE04EC0-301F-11D3-BF4B-00C04F79EFBC}") = "Nyan.Modules.Cache.Memory", "Modules\Cache\Memory\Nyan.Modules.Cache.Memory.csproj", "{CE77D796-C158-48FF-B141-54489564A7E1}"
EndProject
Project("{FAE04EC0-301F-11D3-BF4B-00C04F79EFBC}") = "Nyan.Modules.Cache.Redis", "Modules\Cache\Redis\Nyan.Modules.Cache.Redis.csproj", "{C460604E-DD0F-41A8-B707-034DA51AEC7C}"
EndProject
Project("{FAE04EC0-301F-11D3-BF4B-00C04F79EFBC}") = "Nyan.Modules.Data.SQLite", "Modules\Data\SQLite\Nyan.Modules.Data.SQLite.csproj", "{44C04CF5-D6CF-443E-950D-A5B214B3C0BC}"
EndProject
Project("{2150E333-8FDC-42A3-9474-1A3956D46DE8}") = "Packages", "Packages", "{1FA423D4-2523-4039-945F-58F8FEB5274A}"
EndProject
Project("{2150E333-8FDC-42A3-9474-1A3956D46DE8}") = "Web", "Web", "{0EAA61A0-FDE9-40CC-B2B0-0A8641573DD3}"
EndProject
Project("{FAE04EC0-301F-11D3-BF4B-00C04F79EFBC}") = "Nyan.Modules.Web.REST", "Modules\Web\REST\Nyan.Modules.Web.REST.csproj", "{4B7081C2-21FC-4934-80AE-E4F91EA5E193}"
EndProject
Project("{FAE04EC0-301F-11D3-BF4B-00C04F79EFBC}") = "Nyan.Samples.REST", "samples\REST\Nyan.Samples.REST.csproj", "{EF7B9192-B800-4FF0-9EA8-D0A5744CDBF1}"
EndProject
Project("{FAE04EC0-301F-11D3-BF4B-00C04F79EFBC}") = "Nyan.Modules.Data.SqlServer", "Nyan.Modules.Data.SqlServer\Nyan.Modules.Data.SqlServer.csproj", "{2599BC6B-1CCE-4EBC-848E-2021AFFDDE20}"
EndProject
Project("{FAE04EC0-301F-11D3-BF4B-00C04F79EFBC}") = "Nyan.Modules.Data.PgSql", "Nyan.Modules.Data.PgSql\Nyan.Modules.Data.PgSql.csproj", "{4F9410BC-CAEA-4192-8391-8F5AEF982CA9}"
EndProject
Global
	GlobalSection(SolutionConfigurationPlatforms) = preSolution
		Debug|Any CPU = Debug|Any CPU
		Release|Any CPU = Release|Any CPU
	EndGlobalSection
	GlobalSection(ProjectConfigurationPlatforms) = postSolution
		{5F53AB9E-FDDA-4A45-B0BE-D1FCE1916FDE}.Debug|Any CPU.ActiveCfg = Debug|Any CPU
		{5F53AB9E-FDDA-4A45-B0BE-D1FCE1916FDE}.Debug|Any CPU.Build.0 = Debug|Any CPU
		{5F53AB9E-FDDA-4A45-B0BE-D1FCE1916FDE}.Release|Any CPU.ActiveCfg = Release|Any CPU
		{5F53AB9E-FDDA-4A45-B0BE-D1FCE1916FDE}.Release|Any CPU.Build.0 = Release|Any CPU
		{7DFE0172-5732-4B96-AEEA-95CBCCD04600}.Debug|Any CPU.ActiveCfg = Debug|Any CPU
		{7DFE0172-5732-4B96-AEEA-95CBCCD04600}.Debug|Any CPU.Build.0 = Debug|Any CPU
		{7DFE0172-5732-4B96-AEEA-95CBCCD04600}.Release|Any CPU.ActiveCfg = Release|Any CPU
		{7DFE0172-5732-4B96-AEEA-95CBCCD04600}.Release|Any CPU.Build.0 = Release|Any CPU
		{2D2FEAF5-588F-4914-A767-1886633EFDCD}.Debug|Any CPU.ActiveCfg = Debug|Any CPU
		{2D2FEAF5-588F-4914-A767-1886633EFDCD}.Debug|Any CPU.Build.0 = Debug|Any CPU
		{2D2FEAF5-588F-4914-A767-1886633EFDCD}.Release|Any CPU.ActiveCfg = Release|Any CPU
		{2D2FEAF5-588F-4914-A767-1886633EFDCD}.Release|Any CPU.Build.0 = Release|Any CPU
		{3F7B2BA2-3711-4990-9F28-4F7627919E27}.Debug|Any CPU.ActiveCfg = Debug|Any CPU
		{3F7B2BA2-3711-4990-9F28-4F7627919E27}.Debug|Any CPU.Build.0 = Debug|Any CPU
		{3F7B2BA2-3711-4990-9F28-4F7627919E27}.Release|Any CPU.ActiveCfg = Release|Any CPU
		{3F7B2BA2-3711-4990-9F28-4F7627919E27}.Release|Any CPU.Build.0 = Release|Any CPU
		{F51739FE-C8A8-4328-B265-1D975D6950FE}.Debug|Any CPU.ActiveCfg = Debug|Any CPU
		{F51739FE-C8A8-4328-B265-1D975D6950FE}.Debug|Any CPU.Build.0 = Debug|Any CPU
		{F51739FE-C8A8-4328-B265-1D975D6950FE}.Release|Any CPU.ActiveCfg = Release|Any CPU
		{F51739FE-C8A8-4328-B265-1D975D6950FE}.Release|Any CPU.Build.0 = Release|Any CPU
		{FCA50A08-D3E6-4BCB-8FED-7F879108D65D}.Debug|Any CPU.ActiveCfg = Debug|Any CPU
		{FCA50A08-D3E6-4BCB-8FED-7F879108D65D}.Debug|Any CPU.Build.0 = Debug|Any CPU
		{FCA50A08-D3E6-4BCB-8FED-7F879108D65D}.Release|Any CPU.ActiveCfg = Release|Any CPU
		{FCA50A08-D3E6-4BCB-8FED-7F879108D65D}.Release|Any CPU.Build.0 = Release|Any CPU
		{CE77D796-C158-48FF-B141-54489564A7E1}.Debug|Any CPU.ActiveCfg = Debug|Any CPU
		{CE77D796-C158-48FF-B141-54489564A7E1}.Debug|Any CPU.Build.0 = Debug|Any CPU
		{CE77D796-C158-48FF-B141-54489564A7E1}.Release|Any CPU.ActiveCfg = Release|Any CPU
		{CE77D796-C158-48FF-B141-54489564A7E1}.Release|Any CPU.Build.0 = Release|Any CPU
		{C460604E-DD0F-41A8-B707-034DA51AEC7C}.Debug|Any CPU.ActiveCfg = Debug|Any CPU
		{C460604E-DD0F-41A8-B707-034DA51AEC7C}.Debug|Any CPU.Build.0 = Debug|Any CPU
		{C460604E-DD0F-41A8-B707-034DA51AEC7C}.Release|Any CPU.ActiveCfg = Release|Any CPU
		{C460604E-DD0F-41A8-B707-034DA51AEC7C}.Release|Any CPU.Build.0 = Release|Any CPU
		{44C04CF5-D6CF-443E-950D-A5B214B3C0BC}.Debug|Any CPU.ActiveCfg = Debug|Any CPU
		{44C04CF5-D6CF-443E-950D-A5B214B3C0BC}.Debug|Any CPU.Build.0 = Debug|Any CPU
		{44C04CF5-D6CF-443E-950D-A5B214B3C0BC}.Release|Any CPU.ActiveCfg = Release|Any CPU
		{44C04CF5-D6CF-443E-950D-A5B214B3C0BC}.Release|Any CPU.Build.0 = Release|Any CPU
		{4B7081C2-21FC-4934-80AE-E4F91EA5E193}.Debug|Any CPU.ActiveCfg = Debug|Any CPU
		{4B7081C2-21FC-4934-80AE-E4F91EA5E193}.Debug|Any CPU.Build.0 = Debug|Any CPU
		{4B7081C2-21FC-4934-80AE-E4F91EA5E193}.Release|Any CPU.ActiveCfg = Release|Any CPU
		{4B7081C2-21FC-4934-80AE-E4F91EA5E193}.Release|Any CPU.Build.0 = Release|Any CPU
		{EF7B9192-B800-4FF0-9EA8-D0A5744CDBF1}.Debug|Any CPU.ActiveCfg = Debug|Any CPU
		{EF7B9192-B800-4FF0-9EA8-D0A5744CDBF1}.Debug|Any CPU.Build.0 = Debug|Any CPU
		{EF7B9192-B800-4FF0-9EA8-D0A5744CDBF1}.Release|Any CPU.ActiveCfg = Release|Any CPU
		{EF7B9192-B800-4FF0-9EA8-D0A5744CDBF1}.Release|Any CPU.Build.0 = Release|Any CPU
		{2599BC6B-1CCE-4EBC-848E-2021AFFDDE20}.Debug|Any CPU.ActiveCfg = Debug|Any CPU
		{2599BC6B-1CCE-4EBC-848E-2021AFFDDE20}.Debug|Any CPU.Build.0 = Debug|Any CPU
		{2599BC6B-1CCE-4EBC-848E-2021AFFDDE20}.Release|Any CPU.ActiveCfg = Release|Any CPU
		{2599BC6B-1CCE-4EBC-848E-2021AFFDDE20}.Release|Any CPU.Build.0 = Release|Any CPU
		{4F9410BC-CAEA-4192-8391-8F5AEF982CA9}.Debug|Any CPU.ActiveCfg = Debug|Any CPU
		{4F9410BC-CAEA-4192-8391-8F5AEF982CA9}.Debug|Any CPU.Build.0 = Debug|Any CPU
		{4F9410BC-CAEA-4192-8391-8F5AEF982CA9}.Release|Any CPU.ActiveCfg = Release|Any CPU
		{4F9410BC-CAEA-4192-8391-8F5AEF982CA9}.Release|Any CPU.Build.0 = Release|Any CPU
	EndGlobalSection
	GlobalSection(SolutionProperties) = preSolution
		HideSolutionNode = FALSE
	EndGlobalSection
	GlobalSection(NestedProjects) = preSolution
		{7DFE0172-5732-4B96-AEEA-95CBCCD04600} = {1FA423D4-2523-4039-945F-58F8FEB5274A}
		{2D2FEAF5-588F-4914-A767-1886633EFDCD} = {0CA1E54C-62A0-44E4-88BE-89519A580F3A}
		{3F7B2BA2-3711-4990-9F28-4F7627919E27} = {0CA1E54C-62A0-44E4-88BE-89519A580F3A}
		{2E6353C0-15AF-4E35-BFAA-2E8F426406BA} = {690BA7EB-47A5-4F40-8109-3A39F8F34457}
		{DB0EFF75-9EB0-49FB-B069-462C3F90DD98} = {690BA7EB-47A5-4F40-8109-3A39F8F34457}
		{A4C34393-05E7-40BF-9ABA-CD945DD55B98} = {690BA7EB-47A5-4F40-8109-3A39F8F34457}
		{57664FA0-4425-4602-96F3-8C6920105994} = {690BA7EB-47A5-4F40-8109-3A39F8F34457}
		{F51739FE-C8A8-4328-B265-1D975D6950FE} = {DB0EFF75-9EB0-49FB-B069-462C3F90DD98}
		{FCA50A08-D3E6-4BCB-8FED-7F879108D65D} = {DB0EFF75-9EB0-49FB-B069-462C3F90DD98}
		{CE77D796-C158-48FF-B141-54489564A7E1} = {2E6353C0-15AF-4E35-BFAA-2E8F426406BA}
		{C460604E-DD0F-41A8-B707-034DA51AEC7C} = {2E6353C0-15AF-4E35-BFAA-2E8F426406BA}
		{44C04CF5-D6CF-443E-950D-A5B214B3C0BC} = {DB0EFF75-9EB0-49FB-B069-462C3F90DD98}
		{0EAA61A0-FDE9-40CC-B2B0-0A8641573DD3} = {690BA7EB-47A5-4F40-8109-3A39F8F34457}
		{4B7081C2-21FC-4934-80AE-E4F91EA5E193} = {0EAA61A0-FDE9-40CC-B2B0-0A8641573DD3}
		{EF7B9192-B800-4FF0-9EA8-D0A5744CDBF1} = {0CA1E54C-62A0-44E4-88BE-89519A580F3A}
		{2599BC6B-1CCE-4EBC-848E-2021AFFDDE20} = {DB0EFF75-9EB0-49FB-B069-462C3F90DD98}
		{4F9410BC-CAEA-4192-8391-8F5AEF982CA9} = {DB0EFF75-9EB0-49FB-B069-462C3F90DD98}
	EndGlobalSection
EndGlobal
